
Microsoft Visual Studio Solution File, Format Version 12.00
# Visual Studio Version 17
VisualStudioVersion = 17.8.34330.188
MinimumVisualStudioVersion = 10.0.40219.1
Project("{9A19103F-16F7-4668-BE54-9A1E7A4F7556}") = "ChartMaker.Application", "ChartMaker.Application\ChartMaker.Application.csproj", "{B2DA2337-CB33-49A7-A09B-50D5025A60C9}"
EndProject
Project("{9A19103F-16F7-4668-BE54-9A1E7A4F7556}") = "ChartMaker.Domain", "ChartMaker.Domain\ChartMaker.Domain.csproj", "{0975BE70-3609-4B7A-BE94-31D0198E174B}"
EndProject
Project("{9A19103F-16F7-4668-BE54-9A1E7A4F7556}") = "ChartMaker.Infrastructure", "ChartMaker.Infrastructure\ChartMaker.Infrastructure.csproj", "{93EB1176-6DD5-4934-A946-82F1A6854AED}"
EndProject
Project("{9A19103F-16F7-4668-BE54-9A1E7A4F7556}") = "ChartMaker.Api", "ChartMaker.Api\ChartMaker.Api.csproj", "{7467CAE5-EF13-4B36-B87D-F9E2EAD86A9E}"
EndProject
Project("{2150E333-8FDC-42A3-9474-1A3956D46DE8}") = "ChartMaker.Payment", "ChartMaker.Payment", "{0879D1B9-F4C3-4214-8483-F21CC5BF196C}"
EndProject
Project("{9A19103F-16F7-4668-BE54-9A1E7A4F7556}") = "ChartMaker.Payment.Application", "ChartMaker.Payment.Application\ChartMaker.Payment.Application.csproj", "{6B39D3D4-B895-40EC-84CA-DC985150FA5A}"
EndProject
Project("{9A19103F-16F7-4668-BE54-9A1E7A4F7556}") = "ChartMaker.Payment.Domain", "ChartMaker.Payment.Domain\ChartMaker.Payment.Domain.csproj", "{503F14BD-2688-42B2-ADB5-556D788A0DB5}"
EndProject
Project("{9A19103F-16F7-4668-BE54-9A1E7A4F7556}") = "ChartMaker.Payment.Infrastructure", "ChartMaker.Payment.Infrastructure\ChartMaker.Payment.Infrastructure.csproj", "{F89A11B8-099F-42C3-ABD4-1C333EB65520}"
EndProject
Project("{E53339B2-1760-4266-BCC7-CA923CBCF16C}") = "docker-compose", "docker-compose.dcproj", "{C3F9259F-063F-4BFF-82E9-FADAB77B30CD}"
EndProject
Project("{2150E333-8FDC-42A3-9474-1A3956D46DE8}") = "Itens de Solução", "Itens de Solução", "{D8F64B56-124B-4393-A347-D7FE2EEFE2A1}"
	ProjectSection(SolutionItems) = preProject
		README.md = README.md
	EndProjectSection
EndProject
Global
	GlobalSection(SolutionConfigurationPlatforms) = preSolution
		Debug|Any CPU = Debug|Any CPU
		Release|Any CPU = Release|Any CPU
	EndGlobalSection
	GlobalSection(ProjectConfigurationPlatforms) = postSolution
		{B2DA2337-CB33-49A7-A09B-50D5025A60C9}.Debug|Any CPU.ActiveCfg = Debug|Any CPU
		{B2DA2337-CB33-49A7-A09B-50D5025A60C9}.Debug|Any CPU.Build.0 = Debug|Any CPU
		{B2DA2337-CB33-49A7-A09B-50D5025A60C9}.Release|Any CPU.ActiveCfg = Release|Any CPU
		{B2DA2337-CB33-49A7-A09B-50D5025A60C9}.Release|Any CPU.Build.0 = Release|Any CPU
		{0975BE70-3609-4B7A-BE94-31D0198E174B}.Debug|Any CPU.ActiveCfg = Debug|Any CPU
		{0975BE70-3609-4B7A-BE94-31D0198E174B}.Debug|Any CPU.Build.0 = Debug|Any CPU
		{0975BE70-3609-4B7A-BE94-31D0198E174B}.Release|Any CPU.ActiveCfg = Release|Any CPU
		{0975BE70-3609-4B7A-BE94-31D0198E174B}.Release|Any CPU.Build.0 = Release|Any CPU
		{93EB1176-6DD5-4934-A946-82F1A6854AED}.Debug|Any CPU.ActiveCfg = Debug|Any CPU
		{93EB1176-6DD5-4934-A946-82F1A6854AED}.Debug|Any CPU.Build.0 = Debug|Any CPU
		{93EB1176-6DD5-4934-A946-82F1A6854AED}.Release|Any CPU.ActiveCfg = Release|Any CPU
		{93EB1176-6DD5-4934-A946-82F1A6854AED}.Release|Any CPU.Build.0 = Release|Any CPU
		{7467CAE5-EF13-4B36-B87D-F9E2EAD86A9E}.Debug|Any CPU.ActiveCfg = Debug|Any CPU
		{7467CAE5-EF13-4B36-B87D-F9E2EAD86A9E}.Debug|Any CPU.Build.0 = Debug|Any CPU
		{7467CAE5-EF13-4B36-B87D-F9E2EAD86A9E}.Release|Any CPU.ActiveCfg = Release|Any CPU
		{7467CAE5-EF13-4B36-B87D-F9E2EAD86A9E}.Release|Any CPU.Build.0 = Release|Any CPU
		{6B39D3D4-B895-40EC-84CA-DC985150FA5A}.Debug|Any CPU.ActiveCfg = Debug|Any CPU
		{6B39D3D4-B895-40EC-84CA-DC985150FA5A}.Debug|Any CPU.Build.0 = Debug|Any CPU
		{6B39D3D4-B895-40EC-84CA-DC985150FA5A}.Release|Any CPU.ActiveCfg = Release|Any CPU
		{6B39D3D4-B895-40EC-84CA-DC985150FA5A}.Release|Any CPU.Build.0 = Release|Any CPU
		{503F14BD-2688-42B2-ADB5-556D788A0DB5}.Debug|Any CPU.ActiveCfg = Debug|Any CPU
		{503F14BD-2688-42B2-ADB5-556D788A0DB5}.Debug|Any CPU.Build.0 = Debug|Any CPU
		{503F14BD-2688-42B2-ADB5-556D788A0DB5}.Release|Any CPU.ActiveCfg = Release|Any CPU
		{503F14BD-2688-42B2-ADB5-556D788A0DB5}.Release|Any CPU.Build.0 = Release|Any CPU
		{F89A11B8-099F-42C3-ABD4-1C333EB65520}.Debug|Any CPU.ActiveCfg = Debug|Any CPU
		{F89A11B8-099F-42C3-ABD4-1C333EB65520}.Debug|Any CPU.Build.0 = Debug|Any CPU
		{F89A11B8-099F-42C3-ABD4-1C333EB65520}.Release|Any CPU.ActiveCfg = Release|Any CPU
		{F89A11B8-099F-42C3-ABD4-1C333EB65520}.Release|Any CPU.Build.0 = Release|Any CPU
		{C3F9259F-063F-4BFF-82E9-FADAB77B30CD}.Debug|Any CPU.ActiveCfg = Debug|Any CPU
		{C3F9259F-063F-4BFF-82E9-FADAB77B30CD}.Debug|Any CPU.Build.0 = Debug|Any CPU
		{C3F9259F-063F-4BFF-82E9-FADAB77B30CD}.Release|Any CPU.ActiveCfg = Release|Any CPU
		{C3F9259F-063F-4BFF-82E9-FADAB77B30CD}.Release|Any CPU.Build.0 = Release|Any CPU
	EndGlobalSection
	GlobalSection(SolutionProperties) = preSolution
		HideSolutionNode = FALSE
	EndGlobalSection
	GlobalSection(NestedProjects) = preSolution
		{6B39D3D4-B895-40EC-84CA-DC985150FA5A} = {0879D1B9-F4C3-4214-8483-F21CC5BF196C}
		{503F14BD-2688-42B2-ADB5-556D788A0DB5} = {0879D1B9-F4C3-4214-8483-F21CC5BF196C}
		{F89A11B8-099F-42C3-ABD4-1C333EB65520} = {0879D1B9-F4C3-4214-8483-F21CC5BF196C}
	EndGlobalSection
	GlobalSection(ExtensibilityGlobals) = postSolution
		SolutionGuid = {78E13A3E-970D-4141-BA64-3C33B1349A39}
	EndGlobalSection
EndGlobal
